{
    "_meta": {
        "hash": {
            "sha256": "e618f2c33be06650f63d4a8c5b927a551644abe023c39ec135b7c78d1443e336"
        },
        "pipfile-spec": 6,
        "requires": {
            "python_version": "3.10"
        },
        "sources": [
            {
                "name": "pypi",
                "url": "https://pypi.org/simple",
                "verify_ssl": true
            }
        ]
    },
    "default": {
        "bidict": {
            "hashes": [
                "sha256:03069d763bc387bbd20e7d49914e75fc4132a41937fa3405417e1a5a2d006d71",
                "sha256:5dae8d4d79b552a71cbabc7deb25dfe8ce710b17ff41711e13010ead2abfc3e5"
            ],
            "markers": "python_version >= '3.8'",
            "version": "==0.23.1"
        },
        "h11": {
            "hashes": [
                "sha256:8f19fbbe99e72420ff35c00b27a34cb9937e902a8b810e2c88300c6f0a3b699d",
                "sha256:e3fe4ac4b851c468cc8363d500db52c2ead036020723024a109d37346efaa761"
            ],
            "markers": "python_version >= '3.7'",
            "version": "==0.14.0"
        },
        "python-engineio": {
            "hashes": [
                "sha256:7631cf5563086076611e494c643b3fa93dd3a854634b5488be0bba0ef9b99709",
                "sha256:f995e702b21f6b9ebde4e2000cd2ad0112ba0e5116ec8d22fe3515e76ba9dddd"
            ],
            "markers": "python_version >= '3.6'",
            "version": "==4.9.1"
        },
        "python-socketio": {
            "extras": [
                "asgi"
            ],
            "hashes": [
                "sha256:194af8cdbb7b0768c2e807ba76c7abc288eb5bb85559b7cddee51a6bc7a65737",
                "sha256:2a923a831ff70664b7c502df093c423eb6aa93c1ce68b8319e840227a26d8b69"
            ],
            "markers": "python_version >= '3.8'",
            "version": "==5.11.3"
        },
        "simple-websocket": {
            "hashes": [
                "sha256:17d2c72f4a2bd85174a97e3e4c88b01c40c3f81b7b648b0cc3ce1305968928c8",
                "sha256:1d5bf585e415eaa2083e2bcf02a3ecf91f9712e7b3e6b9fa0b461ad04e0837bc"
            ],
            "markers": "python_version >= '3.6'",
            "version": "==1.0.0"
        },
        "wsproto": {
            "hashes": [
                "sha256:ad565f26ecb92588a3e43bc3d96164de84cd9902482b130d0ddbaa9664a85065",
                "sha256:b9acddd652b585d75b20477888c56642fdade28bdfd3579aa24a4d2c037dd736"
            ],
            "markers": "python_full_version >= '3.7.0'",
            "version": "==1.2.0"
        }
    },
    "develop": {}
}
